// !$*UTF8*$!
{
	archiveVersion = 1;
	classes = {
	};
	objectVersion = 46;
	objects = {

/* Begin PBXBuildFile section */
		5393624018258B2F00A0DFEE /* libQTree.a in Frameworks */ = {isa = PBXBuildFile; fileRef = 5393622818258B2F00A0DFEE /* libQTree.a */; };
		5393624618258B3000A0DFEE /* InfoPlist.strings in Resources */ = {isa = PBXBuildFile; fileRef = 5393624418258B3000A0DFEE /* InfoPlist.strings */; };
		5393624818258B3000A0DFEE /* QTreeTests.m in Sources */ = {isa = PBXBuildFile; fileRef = 5393624718258B3000A0DFEE /* QTreeTests.m */; };
		5393625A18258B7600A0DFEE /* QCluster.m in Sources */ = {isa = PBXBuildFile; fileRef = 5393625218258B7600A0DFEE /* QCluster.m */; };
		5393625B18258B7600A0DFEE /* QNode.m in Sources */ = {isa = PBXBuildFile; fileRef = 5393625418258B7600A0DFEE /* QNode.m */; };
		5393625C18258B7600A0DFEE /* QTree.m in Sources */ = {isa = PBXBuildFile; fileRef = 5393625618258B7600A0DFEE /* QTree.m */; };
		5393625D18258B7600A0DFEE /* QTreeGeometryUtils.m in Sources */ = {isa = PBXBuildFile; fileRef = 5393625818258B7600A0DFEE /* QTreeGeometryUtils.m */; };
		AF345F496EF1617D16B090D8 /* LocationBasedMessage.m in Sources */ = {isa = PBXBuildFile; fileRef = AF345E9ED68DE04E7AAE0D32 /* LocationBasedMessage.m */; };
/* End PBXBuildFile section */

/* Begin PBXContainerItemProxy section */
		5393623E18258B2F00A0DFEE /* PBXContainerItemProxy */ = {
			isa = PBXContainerItemProxy;
			containerPortal = 5393622018258B2F00A0DFEE /* Project object */;
			proxyType = 1;
			remoteGlobalIDString = 5393622718258B2F00A0DFEE;
			remoteInfo = QTree;
		};
/* End PBXContainerItemProxy section */

/* Begin PBXCopyFilesBuildPhase section */
		5393622618258B2F00A0DFEE /* CopyFiles */ = {
			isa = PBXCopyFilesBuildPhase;
			buildActionMask = 2147483647;
			dstPath = "include/$(PRODUCT_NAME)";
			dstSubfolderSpec = 16;
			files = (
			);
			runOnlyForDeploymentPostprocessing = 0;
		};
/* End PBXCopyFilesBuildPhase section */

/* Begin PBXFileReference section */
		5393622818258B2F00A0DFEE /* libQTree.a */ = {isa = PBXFileReference; explicitFileType = archive.ar; includeInIndex = 0; path = libQTree.a; sourceTree = BUILT_PRODUCTS_DIR; };
		5393622F18258B2F00A0DFEE /* QTree-Prefix.pch */ = {isa = PBXFileReference; lastKnownFileType = sourcecode.c.h; path = "QTree-Prefix.pch"; sourceTree = "<group>"; };
		5393623818258B2F00A0DFEE /* QTreeTests.xctest */ = {isa = PBXFileReference; explicitFileType = wrapper.cfbundle; includeInIndex = 0; path = QTreeTests.xctest; sourceTree = BUILT_PRODUCTS_DIR; };
		5393624318258B3000A0DFEE /* QTreeTests-Info.plist */ = {isa = PBXFileReference; lastKnownFileType = text.plist.xml; path = "QTreeTests-Info.plist"; sourceTree = "<group>"; };
		5393624518258B3000A0DFEE /* en */ = {isa = PBXFileReference; lastKnownFileType = text.plist.strings; name = en; path = en.lproj/InfoPlist.strings; sourceTree = "<group>"; };
		5393624718258B3000A0DFEE /* QTreeTests.m */ = {isa = PBXFileReference; lastKnownFileType = sourcecode.c.objc; path = QTreeTests.m; sourceTree = "<group>"; };
		5393625118258B7600A0DFEE /* QCluster.h */ = {isa = PBXFileReference; fileEncoding = 4; lastKnownFileType = sourcecode.c.h; path = QCluster.h; sourceTree = "<group>"; };
		5393625218258B7600A0DFEE /* QCluster.m */ = {isa = PBXFileReference; fileEncoding = 4; lastKnownFileType = sourcecode.c.objc; path = QCluster.m; sourceTree = "<group>"; };
		5393625318258B7600A0DFEE /* QNode.h */ = {isa = PBXFileReference; fileEncoding = 4; lastKnownFileType = sourcecode.c.h; path = QNode.h; sourceTree = "<group>"; };
		5393625418258B7600A0DFEE /* QNode.m */ = {isa = PBXFileReference; fileEncoding = 4; lastKnownFileType = sourcecode.c.objc; path = QNode.m; sourceTree = "<group>"; };
		5393625518258B7600A0DFEE /* QTree.h */ = {isa = PBXFileReference; fileEncoding = 4; lastKnownFileType = sourcecode.c.h; path = QTree.h; sourceTree = "<group>"; };
		5393625618258B7600A0DFEE /* QTree.m */ = {isa = PBXFileReference; fileEncoding = 4; lastKnownFileType = sourcecode.c.objc; path = QTree.m; sourceTree = "<group>"; };
		5393625718258B7600A0DFEE /* QTreeGeometryUtils.h */ = {isa = PBXFileReference; fileEncoding = 4; lastKnownFileType = sourcecode.c.h; path = QTreeGeometryUtils.h; sourceTree = "<group>"; };
		5393625818258B7600A0DFEE /* QTreeGeometryUtils.m */ = {isa = PBXFileReference; fileEncoding = 4; lastKnownFileType = sourcecode.c.objc; path = QTreeGeometryUtils.m; sourceTree = "<group>"; };
		5393625918258B7600A0DFEE /* QTreeInsertable.h */ = {isa = PBXFileReference; fileEncoding = 4; lastKnownFileType = sourcecode.c.h; path = QTreeInsertable.h; sourceTree = "<group>"; };
		AF3456A3F3419A54CAE5612D /* LocationBasedMessage.h */ = {isa = PBXFileReference; fileEncoding = 4; lastKnownFileType = sourcecode.c.h; path = LocationBasedMessage.h; sourceTree = "<group>"; };
		AF345E9ED68DE04E7AAE0D32 /* LocationBasedMessage.m */ = {isa = PBXFileReference; fileEncoding = 4; lastKnownFileType = sourcecode.c.objc; path = LocationBasedMessage.m; sourceTree = "<group>"; };
/* End PBXFileReference section */

/* Begin PBXFrameworksBuildPhase section */
		5393622518258B2F00A0DFEE /* Frameworks */ = {
			isa = PBXFrameworksBuildPhase;
			buildActionMask = 2147483647;
			files = (
			);
			runOnlyForDeploymentPostprocessing = 0;
		};
		5393623518258B2F00A0DFEE /* Frameworks */ = {
			isa = PBXFrameworksBuildPhase;
			buildActionMask = 2147483647;
			files = (
				5393624018258B2F00A0DFEE /* libQTree.a in Frameworks */,
			);
			runOnlyForDeploymentPostprocessing = 0;
		};
/* End PBXFrameworksBuildPhase section */

/* Begin PBXGroup section */
		5393621F18258B2F00A0DFEE = {
			isa = PBXGroup;
			children = (
				5393622D18258B2F00A0DFEE /* QTree */,
				5393624118258B2F00A0DFEE /* QTreeTests */,
				5393622918258B2F00A0DFEE /* Products */,
			);
			sourceTree = "<group>";
		};
		5393622918258B2F00A0DFEE /* Products */ = {
			isa = PBXGroup;
			children = (
				5393622818258B2F00A0DFEE /* libQTree.a */,
				5393623818258B2F00A0DFEE /* QTreeTests.xctest */,
			);
			name = Products;
			sourceTree = "<group>";
		};
		5393622D18258B2F00A0DFEE /* QTree */ = {
			isa = PBXGroup;
			children = (
				5393625118258B7600A0DFEE /* QCluster.h */,
				5393625218258B7600A0DFEE /* QCluster.m */,
				5393625318258B7600A0DFEE /* QNode.h */,
				5393625418258B7600A0DFEE /* QNode.m */,
				5393625518258B7600A0DFEE /* QTree.h */,
				5393625618258B7600A0DFEE /* QTree.m */,
				5393625718258B7600A0DFEE /* QTreeGeometryUtils.h */,
				5393625818258B7600A0DFEE /* QTreeGeometryUtils.m */,
				5393625918258B7600A0DFEE /* QTreeInsertable.h */,
				5393622E18258B2F00A0DFEE /* Supporting Files */,
			);
			path = QTree;
			sourceTree = "<group>";
		};
		5393622E18258B2F00A0DFEE /* Supporting Files */ = {
			isa = PBXGroup;
			children = (
				5393622F18258B2F00A0DFEE /* QTree-Prefix.pch */,
			);
			name = "Supporting Files";
			sourceTree = "<group>";
		};
		5393624118258B2F00A0DFEE /* QTreeTests */ = {
			isa = PBXGroup;
			children = (
				AF3456A3F3419A54CAE5612D /* LocationBasedMessage.h */,
				AF345E9ED68DE04E7AAE0D32 /* LocationBasedMessage.m */,
				5393624718258B3000A0DFEE /* QTreeTests.m */,
				5393624218258B3000A0DFEE /* Supporting Files */,
			);
			path = QTreeTests;
			sourceTree = "<group>";
		};
		5393624218258B3000A0DFEE /* Supporting Files */ = {
			isa = PBXGroup;
			children = (
				5393624318258B3000A0DFEE /* QTreeTests-Info.plist */,
				5393624418258B3000A0DFEE /* InfoPlist.strings */,
			);
			name = "Supporting Files";
			sourceTree = "<group>";
		};
/* End PBXGroup section */

/* Begin PBXNativeTarget section */
		5393622718258B2F00A0DFEE /* QTree */ = {
			isa = PBXNativeTarget;
			buildConfigurationList = 5393624B18258B3000A0DFEE /* Build configuration list for PBXNativeTarget "QTree" */;
			buildPhases = (
				5393622418258B2F00A0DFEE /* Sources */,
				5393622518258B2F00A0DFEE /* Frameworks */,
				5393622618258B2F00A0DFEE /* CopyFiles */,
			);
			buildRules = (
			);
			dependencies = (
			);
			name = QTree;
			productName = QTree;
			productReference = 5393622818258B2F00A0DFEE /* libQTree.a */;
			productType = "com.apple.product-type.library.static";
		};
		5393623718258B2F00A0DFEE /* QTreeTests */ = {
			isa = PBXNativeTarget;
			buildConfigurationList = 5393624E18258B3000A0DFEE /* Build configuration list for PBXNativeTarget "QTreeTests" */;
			buildPhases = (
				5393623418258B2F00A0DFEE /* Sources */,
				5393623518258B2F00A0DFEE /* Frameworks */,
				5393623618258B2F00A0DFEE /* Resources */,
			);
			buildRules = (
			);
			dependencies = (
				5393623F18258B2F00A0DFEE /* PBXTargetDependency */,
			);
			name = QTreeTests;
			productName = QTreeTests;
			productReference = 5393623818258B2F00A0DFEE /* QTreeTests.xctest */;
			productType = "com.apple.product-type.bundle.unit-test";
		};
/* End PBXNativeTarget section */

/* Begin PBXProject section */
		5393622018258B2F00A0DFEE /* Project object */ = {
			isa = PBXProject;
			attributes = {
				LastUpgradeCheck = 0730;
				ORGANIZATIONNAME = "Aleksey Kozhevnikov";
			};
			buildConfigurationList = 5393622318258B2F00A0DFEE /* Build configuration list for PBXProject "QTree" */;
			compatibilityVersion = "Xcode 3.2";
			developmentRegion = English;
			hasScannedForEncodings = 0;
			knownRegions = (
				en,
			);
			mainGroup = 5393621F18258B2F00A0DFEE;
			productRefGroup = 5393622918258B2F00A0DFEE /* Products */;
			projectDirPath = "";
			projectRoot = "";
			targets = (
				5393622718258B2F00A0DFEE /* QTree */,
				5393623718258B2F00A0DFEE /* QTreeTests */,
			);
		};
/* End PBXProject section */

/* Begin PBXResourcesBuildPhase section */
		5393623618258B2F00A0DFEE /* Resources */ = {
			isa = PBXResourcesBuildPhase;
			buildActionMask = 2147483647;
			files = (
				5393624618258B3000A0DFEE /* InfoPlist.strings in Resources */,
			);
			runOnlyForDeploymentPostprocessing = 0;
		};
/* End PBXResourcesBuildPhase section */

/* Begin PBXSourcesBuildPhase section */
		5393622418258B2F00A0DFEE /* Sources */ = {
			isa = PBXSourcesBuildPhase;
			buildActionMask = 2147483647;
			files = (
				5393625C18258B7600A0DFEE /* QTree.m in Sources */,
				5393625D18258B7600A0DFEE /* QTreeGeometryUtils.m in Sources */,
				5393625A18258B7600A0DFEE /* QCluster.m in Sources */,
				5393625B18258B7600A0DFEE /* QNode.m in Sources */,
				AF345F496EF1617D16B090D8 /* LocationBasedMessage.m in Sources */,
			);
			runOnlyForDeploymentPostprocessing = 0;
		};
		5393623418258B2F00A0DFEE /* Sources */ = {
			isa = PBXSourcesBuildPhase;
			buildActionMask = 2147483647;
			files = (
				5393624818258B3000A0DFEE /* QTreeTests.m in Sources */,
			);
			runOnlyForDeploymentPostprocessing = 0;
		};
/* End PBXSourcesBuildPhase section */

/* Begin PBXTargetDependency section */
		5393623F18258B2F00A0DFEE /* PBXTargetDependency */ = {
			isa = PBXTargetDependency;
			target = 5393622718258B2F00A0DFEE /* QTree */;
			targetProxy = 5393623E18258B2F00A0DFEE /* PBXContainerItemProxy */;
		};
/* End PBXTargetDependency section */

/* Begin PBXVariantGroup section */
		5393624418258B3000A0DFEE /* InfoPlist.strings */ = {
			isa = PBXVariantGroup;
			children = (
				5393624518258B3000A0DFEE /* en */,
			);
			name = InfoPlist.strings;
			sourceTree = "<group>";
		};
/* End PBXVariantGroup section */

/* Begin XCBuildConfiguration section */
		5393624918258B3000A0DFEE /* Debug */ = {
			isa = XCBuildConfiguration;
			buildSettings = {
				ALWAYS_SEARCH_USER_PATHS = NO;
				CLANG_CXX_LANGUAGE_STANDARD = "gnu++0x";
				CLANG_CXX_LIBRARY = "libc++";
				CLANG_ENABLE_MODULES = YES;
				CLANG_ENABLE_OBJC_ARC = YES;
				CLANG_WARN_BOOL_CONVERSION = YES;
				CLANG_WARN_CONSTANT_CONVERSION = YES;
				CLANG_WARN_DIRECT_OBJC_ISA_USAGE = YES_ERROR;
				CLANG_WARN_EMPTY_BODY = YES;
				CLANG_WARN_ENUM_CONVERSION = YES;
				CLANG_WARN_INT_CONVERSION = YES;
				CLANG_WARN_OBJC_ROOT_CLASS = YES_ERROR;
				CLANG_WARN__DUPLICATE_METHOD_MATCH = YES;
				COPY_PHASE_STRIP = NO;
				ENABLE_TESTABILITY = YES;
				GCC_C_LANGUAGE_STANDARD = gnu99;
				GCC_DYNAMIC_NO_PIC = NO;
				GCC_OPTIMIZATION_LEVEL = 0;
				GCC_PREPROCESSOR_DEFINITIONS = (
					"DEBUG=1",
					"$(inherited)",
				);
				GCC_SYMBOLS_PRIVATE_EXTERN = NO;
				GCC_WARN_64_TO_32_BIT_CONVERSION = YES;
				GCC_WARN_ABOUT_RETURN_TYPE = YES_ERROR;
				GCC_WARN_UNDECLARED_SELECTOR = YES;
				GCC_WARN_UNINITIALIZED_AUTOS = YES;
				GCC_WARN_UNUSED_FUNCTION = YES;
				GCC_WARN_UNUSED_VARIABLE = YES;
				IPHONEOS_DEPLOYMENT_TARGET = 7.0;
				ONLY_ACTIVE_ARCH = YES;
				SDKROOT = iphoneos;
			};
			name = Debug;
		};
		5393624A18258B3000A0DFEE /* Release */ = {
			isa = XCBuildConfiguration;
			buildSettings = {
				ALWAYS_SEARCH_USER_PATHS = NO;
				CLANG_CXX_LANGUAGE_STANDARD = "gnu++0x";
				CLANG_CXX_LIBRARY = "libc++";
				CLANG_ENABLE_MODULES = YES;
				CLANG_ENABLE_OBJC_ARC = YES;
				CLANG_WARN_BOOL_CONVERSION = YES;
				CLANG_WARN_CONSTANT_CONVERSION = YES;
				CLANG_WARN_DIRECT_OBJC_ISA_USAGE = YES_ERROR;
				CLANG_WARN_EMPTY_BODY = YES;
				CLANG_WARN_ENUM_CONVERSION = YES;
				CLANG_WARN_INT_CONVERSION = YES;
				CLANG_WARN_OBJC_ROOT_CLASS = YES_ERROR;
				CLANG_WARN__DUPLICATE_METHOD_MATCH = YES;
				COPY_PHASE_STRIP = YES;
				ENABLE_NS_ASSERTIONS = NO;
				GCC_C_LANGUAGE_STANDARD = gnu99;
				GCC_WARN_64_TO_32_BIT_CONVERSION = YES;
				GCC_WARN_ABOUT_RETURN_TYPE = YES_ERROR;
				GCC_WARN_UNDECLARED_SELECTOR = YES;
				GCC_WARN_UNINITIALIZED_AUTOS = YES;
				GCC_WARN_UNUSED_FUNCTION = YES;
				GCC_WARN_UNUSED_VARIABLE = YES;
				IPHONEOS_DEPLOYMENT_TARGET = 7.0;
				SDKROOT = iphoneos;
				VALIDATE_PRODUCT = YES;
			};
			name = Release;
		};
		5393624C18258B3000A0DFEE /* Debug */ = {
			isa = XCBuildConfiguration;
			buildSettings = {
				DSTROOT = /tmp/QTree.dst;
				GCC_PRECOMPILE_PREFIX_HEADER = YES;
				GCC_PREFIX_HEADER = "QTree/QTree-Prefix.pch";
				OTHER_LDFLAGS = "-ObjC";
				PRODUCT_NAME = "$(TARGET_NAME)";
				SKIP_INSTALL = YES;
			};
			name = Debug;
		};
		5393624D18258B3000A0DFEE /* Release */ = {
			isa = XCBuildConfiguration;
			buildSettings = {
				DSTROOT = /tmp/QTree.dst;
				GCC_PRECOMPILE_PREFIX_HEADER = YES;
				GCC_PREFIX_HEADER = "QTree/QTree-Prefix.pch";
				OTHER_LDFLAGS = "-ObjC";
				PRODUCT_NAME = "$(TARGET_NAME)";
				SKIP_INSTALL = YES;
			};
			name = Release;
		};
		5393624F18258B3000A0DFEE /* Debug */ = {
			isa = XCBuildConfiguration;
			buildSettings = {
				FRAMEWORK_SEARCH_PATHS = (
					"$(SDKROOT)/Developer/Library/Frameworks",
					"$(inherited)",
					"$(DEVELOPER_FRAMEWORKS_DIR)",
				);
				GCC_PRECOMPILE_PREFIX_HEADER = YES;
				GCC_PREFIX_HEADER = "QTree/QTree-Prefix.pch";
				GCC_PREPROCESSOR_DEFINITIONS = (
					"DEBUG=1",
					"$(inherited)",
				);
				HEADER_SEARCH_PATHS = "$(inherited)";
				INFOPLIST_FILE = "QTreeTests/QTreeTests-Info.plist";
				LIBRARY_SEARCH_PATHS = "";
				PRODUCT_BUNDLE_IDENTIFIER = "me.akozhevnikov.${PRODUCT_NAME:rfc1034identifier}";
				PRODUCT_NAME = "$(TARGET_NAME)";
				WRAPPER_EXTENSION = xctest;
			};
			name = Debug;
		};
		5393625018258B3000A0DFEE /* Release */ = {
			isa = XCBuildConfiguration;
			buildSettings = {
				FRAMEWORK_SEARCH_PATHS = (
					"$(SDKROOT)/Developer/Library/Frameworks",
					"$(inherited)",
					"$(DEVELOPER_FRAMEWORKS_DIR)",
				);
				GCC_PRECOMPILE_PREFIX_HEADER = YES;
				GCC_PREFIX_HEADER = "QTree/QTree-Prefix.pch";
				HEADER_SEARCH_PATHS = "$(inherited)";
				INFOPLIST_FILE = "QTreeTests/QTreeTests-Info.plist";
				LIBRARY_SEARCH_PATHS = "";
				PRODUCT_BUNDLE_IDENTIFIER = "me.akozhevnikov.${PRODUCT_NAME:rfc1034identifier}";
				PRODUCT_NAME = "$(TARGET_NAME)";
				WRAPPER_EXTENSION = xctest;
			};
			name = Release;
		};
/* End XCBuildConfiguration section */

/* Begin XCConfigurationList section */
		5393622318258B2F00A0DFEE /* Build configuration list for PBXProject "QTree" */ = {
			isa = XCConfigurationList;
			buildConfigurations = (
				5393624918258B3000A0DFEE /* Debug */,
				5393624A18258B3000A0DFEE /* Release */,
			);
			defaultConfigurationIsVisible = 0;
			defaultConfigurationName = Release;
		};
		5393624B18258B3000A0DFEE /* Build configuration list for PBXNativeTarget "QTree" */ = {
			isa = XCConfigurationList;
			buildConfigurations = (
				5393624C18258B3000A0DFEE /* Debug */,
				5393624D18258B3000A0DFEE /* Release */,
			);
			defaultConfigurationIsVisible = 0;
			defaultConfigurationName = Release;
		};
		5393624E18258B3000A0DFEE /* Build configuration list for PBXNativeTarget "QTreeTests" */ = {
			isa = XCConfigurationList;
			buildConfigurations = (
				5393624F18258B3000A0DFEE /* Debug */,
				5393625018258B3000A0DFEE /* Release */,
			);
			defaultConfigurationIsVisible = 0;
			defaultConfigurationName = Release;
		};
/* End XCConfigurationList section */
	};
	rootObject = 5393622018258B2F00A0DFEE /* Project object */;
}
